// !$*UTF8*$!
{
	archiveVersion = 1;
	classes = {
	};
	objectVersion = 56;
	objects = {

/* Begin PBXBuildFile section */
		43266CC22BD11E6300555AB7 /* AppDeliveryDemoApp.swift in Sources */ = {isa = PBXBuildFile; fileRef = 43266CC12BD11E6300555AB7 /* AppDeliveryDemoApp.swift */; };
		43266CC42BD11E6300555AB7 /* ContentView.swift in Sources */ = {isa = PBXBuildFile; fileRef = 43266CC32BD11E6300555AB7 /* ContentView.swift */; };
		43266CC62BD11E6500555AB7 /* Assets.xcassets in Resources */ = {isa = PBXBuildFile; fileRef = 43266CC52BD11E6500555AB7 /* Assets.xcassets */; };
		43266CC92BD11E6500555AB7 /* Preview Assets.xcassets in Resources */ = {isa = PBXBuildFile; fileRef = 43266CC82BD11E6500555AB7 /* Preview Assets.xcassets */; };
		43266CD32BD11E6500555AB7 /* AppDeliveryDemoTests.swift in Sources */ = {isa = PBXBuildFile; fileRef = 43266CD22BD11E6500555AB7 /* AppDeliveryDemoTests.swift */; };
		43266CDD2BD11E6500555AB7 /* AppDeliveryDemoUITests.swift in Sources */ = {isa = PBXBuildFile; fileRef = 43266CDC2BD11E6500555AB7 /* AppDeliveryDemoUITests.swift */; };
		43266CDF2BD11E6500555AB7 /* AppDeliveryDemoUITestsLaunchTests.swift in Sources */ = {isa = PBXBuildFile; fileRef = 43266CDE2BD11E6500555AB7 /* AppDeliveryDemoUITestsLaunchTests.swift */; };
		43266CF02BD11E8900555AB7 /* homePageBannerModel.swift in Sources */ = {isa = PBXBuildFile; fileRef = 43266CEB2BD11E8900555AB7 /* homePageBannerModel.swift */; };
		43266CF12BD11E8900555AB7 /* marketOrYemekCard.swift in Sources */ = {isa = PBXBuildFile; fileRef = 43266CEC2BD11E8900555AB7 /* marketOrYemekCard.swift */; };
		43266CF22BD11E8900555AB7 /* mutfaklarButtonModel.swift in Sources */ = {isa = PBXBuildFile; fileRef = 43266CED2BD11E8900555AB7 /* mutfaklarButtonModel.swift */; };
		43266CF62BD11F0C00555AB7 /* homePageView.swift in Sources */ = {isa = PBXBuildFile; fileRef = 43266CF52BD11F0C00555AB7 /* homePageView.swift */; };
/* End PBXBuildFile section */

/* Begin PBXContainerItemProxy section */
		43266CCF2BD11E6500555AB7 /* PBXContainerItemProxy */ = {
			isa = PBXContainerItemProxy;
			containerPortal = 43266CB62BD11E6200555AB7 /* Project object */;
			proxyType = 1;
			remoteGlobalIDString = 43266CBD2BD11E6200555AB7;
			remoteInfo = AppDeliveryDemo;
		};
		43266CD92BD11E6500555AB7 /* PBXContainerItemProxy */ = {
			isa = PBXContainerItemProxy;
			containerPortal = 43266CB62BD11E6200555AB7 /* Project object */;
			proxyType = 1;
			remoteGlobalIDString = 43266CBD2BD11E6200555AB7;
			remoteInfo = AppDeliveryDemo;
		};
/* End PBXContainerItemProxy section */

/* Begin PBXFileReference section */
		43266CBE2BD11E6300555AB7 /* AppDeliveryDemo.app */ = {isa = PBXFileReference; explicitFileType = wrapper.application; includeInIndex = 0; path = AppDeliveryDemo.app; sourceTree = BUILT_PRODUCTS_DIR; };
		43266CC12BD11E6300555AB7 /* AppDeliveryDemoApp.swift */ = {isa = PBXFileReference; lastKnownFileType = sourcecode.swift; path = AppDeliveryDemoApp.swift; sourceTree = "<group>"; };
		43266CC32BD11E6300555AB7 /* ContentView.swift */ = {isa = PBXFileReference; lastKnownFileType = sourcecode.swift; path = ContentView.swift; sourceTree = "<group>"; };
		43266CC52BD11E6500555AB7 /* Assets.xcassets */ = {isa = PBXFileReference; lastKnownFileType = folder.assetcatalog; path = Assets.xcassets; sourceTree = "<group>"; };
		43266CC82BD11E6500555AB7 /* Preview Assets.xcassets */ = {isa = PBXFileReference; lastKnownFileType = folder.assetcatalog; path = "Preview Assets.xcassets"; sourceTree = "<group>"; };
		43266CCE2BD11E6500555AB7 /* AppDeliveryDemoTests.xctest */ = {isa = PBXFileReference; explicitFileType = wrapper.cfbundle; includeInIndex = 0; path = AppDeliveryDemoTests.xctest; sourceTree = BUILT_PRODUCTS_DIR; };
		43266CD22BD11E6500555AB7 /* AppDeliveryDemoTests.swift */ = {isa = PBXFileReference; lastKnownFileType = sourcecode.swift; path = AppDeliveryDemoTests.swift; sourceTree = "<group>"; };
		43266CD82BD11E6500555AB7 /* AppDeliveryDemoUITests.xctest */ = {isa = PBXFileReference; explicitFileType = wrapper.cfbundle; includeInIndex = 0; path = AppDeliveryDemoUITests.xctest; sourceTree = BUILT_PRODUCTS_DIR; };
		43266CDC2BD11E6500555AB7 /* AppDeliveryDemoUITests.swift */ = {isa = PBXFileReference; lastKnownFileType = sourcecode.swift; path = AppDeliveryDemoUITests.swift; sourceTree = "<group>"; };
		43266CDE2BD11E6500555AB7 /* AppDeliveryDemoUITestsLaunchTests.swift */ = {isa = PBXFileReference; lastKnownFileType = sourcecode.swift; path = AppDeliveryDemoUITestsLaunchTests.swift; sourceTree = "<group>"; };
		43266CEB2BD11E8900555AB7 /* homePageBannerModel.swift */ = {isa = PBXFileReference; fileEncoding = 4; lastKnownFileType = sourcecode.swift; path = homePageBannerModel.swift; sourceTree = "<group>"; };
		43266CEC2BD11E8900555AB7 /* marketOrYemekCard.swift */ = {isa = PBXFileReference; fileEncoding = 4; lastKnownFileType = sourcecode.swift; path = marketOrYemekCard.swift; sourceTree = "<group>"; };
		43266CED2BD11E8900555AB7 /* mutfaklarButtonModel.swift */ = {isa = PBXFileReference; fileEncoding = 4; lastKnownFileType = sourcecode.swift; path = mutfaklarButtonModel.swift; sourceTree = "<group>"; };
		43266CF52BD11F0C00555AB7 /* homePageView.swift */ = {isa = PBXFileReference; lastKnownFileType = sourcecode.swift; path = homePageView.swift; sourceTree = "<group>"; };
/* End PBXFileReference section */

/* Begin PBXFrameworksBuildPhase section */
		43266CBB2BD11E6200555AB7 /* Frameworks */ = {
			isa = PBXFrameworksBuildPhase;
			buildActionMask = 2147483647;
			files = (
			);
			runOnlyForDeploymentPostprocessing = 0;
		};
		43266CCB2BD11E6500555AB7 /* Frameworks */ = {
			isa = PBXFrameworksBuildPhase;
			buildActionMask = 2147483647;
			files = (
			);
			runOnlyForDeploymentPostprocessing = 0;
		};
		43266CD52BD11E6500555AB7 /* Frameworks */ = {
			isa = PBXFrameworksBuildPhase;
			buildActionMask = 2147483647;
			files = (
			);
			runOnlyForDeploymentPostprocessing = 0;
		};
/* End PBXFrameworksBuildPhase section */

/* Begin PBXGroup section */
		43266CB52BD11E6200555AB7 = {
			isa = PBXGroup;
			children = (
				43266CC02BD11E6300555AB7 /* AppDeliveryDemo */,
				43266CD12BD11E6500555AB7 /* AppDeliveryDemoTests */,
				43266CDB2BD11E6500555AB7 /* AppDeliveryDemoUITests */,
				43266CBF2BD11E6300555AB7 /* Products */,
			);
			sourceTree = "<group>";
		};
		43266CBF2BD11E6300555AB7 /* Products */ = {
			isa = PBXGroup;
			children = (
				43266CBE2BD11E6300555AB7 /* AppDeliveryDemo.app */,
				43266CCE2BD11E6500555AB7 /* AppDeliveryDemoTests.xctest */,
				43266CD82BD11E6500555AB7 /* AppDeliveryDemoUITests.xctest */,
			);
			name = Products;
			sourceTree = "<group>";
		};
		43266CC02BD11E6300555AB7 /* AppDeliveryDemo */ = {
			isa = PBXGroup;
			children = (
				43266CC12BD11E6300555AB7 /* AppDeliveryDemoApp.swift */,
				43266CF32BD11EEA00555AB7 /* Views */,
				43266CEF2BD11E8900555AB7 /* Models */,
				43266CC32BD11E6300555AB7 /* ContentView.swift */,
				43266CC52BD11E6500555AB7 /* Assets.xcassets */,
				43266CC72BD11E6500555AB7 /* Preview Content */,
			);
			path = AppDeliveryDemo;
			sourceTree = "<group>";
		};
		43266CC72BD11E6500555AB7 /* Preview Content */ = {
			isa = PBXGroup;
			children = (
				43266CC82BD11E6500555AB7 /* Preview Assets.xcassets */,
			);
			path = "Preview Content";
			sourceTree = "<group>";
		};
		43266CD12BD11E6500555AB7 /* AppDeliveryDemoTests */ = {
			isa = PBXGroup;
			children = (
				43266CD22BD11E6500555AB7 /* AppDeliveryDemoTests.swift */,
			);
			path = AppDeliveryDemoTests;
			sourceTree = "<group>";
		};
		43266CDB2BD11E6500555AB7 /* AppDeliveryDemoUITests */ = {
			isa = PBXGroup;
			children = (
				43266CDC2BD11E6500555AB7 /* AppDeliveryDemoUITests.swift */,
				43266CDE2BD11E6500555AB7 /* AppDeliveryDemoUITestsLaunchTests.swift */,
			);
			path = AppDeliveryDemoUITests;
			sourceTree = "<group>";
		};
		43266CEE2BD11E8900555AB7 /* HomePage */ = {
			isa = PBXGroup;
			children = (
				43266CEB2BD11E8900555AB7 /* homePageBannerModel.swift */,
				43266CEC2BD11E8900555AB7 /* marketOrYemekCard.swift */,
				43266CED2BD11E8900555AB7 /* mutfaklarButtonModel.swift */,
			);
			path = HomePage;
			sourceTree = "<group>";
		};
		43266CEF2BD11E8900555AB7 /* Models */ = {
			isa = PBXGroup;
			children = (
				43266CEE2BD11E8900555AB7 /* HomePage */,
			);
			path = Models;
			sourceTree = "<group>";
		};
		43266CF32BD11EEA00555AB7 /* Views */ = {
			isa = PBXGroup;
			children = (
				43266CF42BD11EF400555AB7 /* Home Page */,
			);
			path = Views;
			sourceTree = "<group>";
		};
		43266CF42BD11EF400555AB7 /* Home Page */ = {
			isa = PBXGroup;
			children = (
				43266CF52BD11F0C00555AB7 /* homePageView.swift */,
			);
			path = "Home Page";
			sourceTree = "<group>";
		};
/* End PBXGroup section */

/* Begin PBXNativeTarget section */
		43266CBD2BD11E6200555AB7 /* AppDeliveryDemo */ = {
			isa = PBXNativeTarget;
			buildConfigurationList = 43266CE22BD11E6500555AB7 /* Build configuration list for PBXNativeTarget "AppDeliveryDemo" */;
			buildPhases = (
				43266CBA2BD11E6200555AB7 /* Sources */,
				43266CBB2BD11E6200555AB7 /* Frameworks */,
				43266CBC2BD11E6200555AB7 /* Resources */,
			);
			buildRules = (
			);
			dependencies = (
			);
			name = AppDeliveryDemo;
			productName = AppDeliveryDemo;
			productReference = 43266CBE2BD11E6300555AB7 /* AppDeliveryDemo.app */;
			productType = "com.apple.product-type.application";
		};
		43266CCD2BD11E6500555AB7 /* AppDeliveryDemoTests */ = {
			isa = PBXNativeTarget;
			buildConfigurationList = 43266CE52BD11E6500555AB7 /* Build configuration list for PBXNativeTarget "AppDeliveryDemoTests" */;
			buildPhases = (
				43266CCA2BD11E6500555AB7 /* Sources */,
				43266CCB2BD11E6500555AB7 /* Frameworks */,
				43266CCC2BD11E6500555AB7 /* Resources */,
			);
			buildRules = (
			);
			dependencies = (
				43266CD02BD11E6500555AB7 /* PBXTargetDependency */,
			);
			name = AppDeliveryDemoTests;
			productName = AppDeliveryDemoTests;
			productReference = 43266CCE2BD11E6500555AB7 /* AppDeliveryDemoTests.xctest */;
			productType = "com.apple.product-type.bundle.unit-test";
		};
		43266CD72BD11E6500555AB7 /* AppDeliveryDemoUITests */ = {
			isa = PBXNativeTarget;
			buildConfigurationList = 43266CE82BD11E6500555AB7 /* Build configuration list for PBXNativeTarget "AppDeliveryDemoUITests" */;
			buildPhases = (
				43266CD42BD11E6500555AB7 /* Sources */,
				43266CD52BD11E6500555AB7 /* Frameworks */,
				43266CD62BD11E6500555AB7 /* Resources */,
			);
			buildRules = (
			);
			dependencies = (
				43266CDA2BD11E6500555AB7 /* PBXTargetDependency */,
			);
			name = AppDeliveryDemoUITests;
			productName = AppDeliveryDemoUITests;
			productReference = 43266CD82BD11E6500555AB7 /* AppDeliveryDemoUITests.xctest */;
			productType = "com.apple.product-type.bundle.ui-testing";
		};
/* End PBXNativeTarget section */

/* Begin PBXProject section */
		43266CB62BD11E6200555AB7 /* Project object */ = {
			isa = PBXProject;
			attributes = {
				BuildIndependentTargetsInParallel = 1;
				LastSwiftUpdateCheck = 1530;
				LastUpgradeCheck = 1530;
				TargetAttributes = {
					43266CBD2BD11E6200555AB7 = {
						CreatedOnToolsVersion = 15.3;
					};
					43266CCD2BD11E6500555AB7 = {
						CreatedOnToolsVersion = 15.3;
						TestTargetID = 43266CBD2BD11E6200555AB7;
					};
					43266CD72BD11E6500555AB7 = {
						CreatedOnToolsVersion = 15.3;
						TestTargetID = 43266CBD2BD11E6200555AB7;
					};
				};
			};
			buildConfigurationList = 43266CB92BD11E6200555AB7 /* Build configuration list for PBXProject "AppDeliveryDemo" */;
			compatibilityVersion = "Xcode 14.0";
			developmentRegion = en;
			hasScannedForEncodings = 0;
			knownRegions = (
				en,
				Base,
			);
			mainGroup = 43266CB52BD11E6200555AB7;
			productRefGroup = 43266CBF2BD11E6300555AB7 /* Products */;
			projectDirPath = "";
			projectRoot = "";
			targets = (
				43266CBD2BD11E6200555AB7 /* AppDeliveryDemo */,
				43266CCD2BD11E6500555AB7 /* AppDeliveryDemoTests */,
				43266CD72BD11E6500555AB7 /* AppDeliveryDemoUITests */,
			);
		};
/* End PBXProject section */

/* Begin PBXResourcesBuildPhase section */
		43266CBC2BD11E6200555AB7 /* Resources */ = {
			isa = PBXResourcesBuildPhase;
			buildActionMask = 2147483647;
			files = (
				43266CC92BD11E6500555AB7 /* Preview Assets.xcassets in Resources */,
				43266CC62BD11E6500555AB7 /* Assets.xcassets in Resources */,
			);
			runOnlyForDeploymentPostprocessing = 0;
		};
		43266CCC2BD11E6500555AB7 /* Resources */ = {
			isa = PBXResourcesBuildPhase;
			buildActionMask = 2147483647;
			files = (
			);
			runOnlyForDeploymentPostprocessing = 0;
		};
		43266CD62BD11E6500555AB7 /* Resources */ = {
			isa = PBXResourcesBuildPhase;
			buildActionMask = 2147483647;
			files = (
			);
			runOnlyForDeploymentPostprocessing = 0;
		};
/* End PBXResourcesBuildPhase section */

/* Begin PBXSourcesBuildPhase section */
		43266CBA2BD11E6200555AB7 /* Sources */ = {
			isa = PBXSourcesBuildPhase;
			buildActionMask = 2147483647;
			files = (
				43266CF12BD11E8900555AB7 /* marketOrYemekCard.swift in Sources */,
				43266CF22BD11E8900555AB7 /* mutfaklarButtonModel.swift in Sources */,
				43266CC42BD11E6300555AB7 /* ContentView.swift in Sources */,
				43266CF02BD11E8900555AB7 /* homePageBannerModel.swift in Sources */,
				43266CF62BD11F0C00555AB7 /* homePageView.swift in Sources */,
				43266CC22BD11E6300555AB7 /* AppDeliveryDemoApp.swift in Sources */,
			);
			runOnlyForDeploymentPostprocessing = 0;
		};
		43266CCA2BD11E6500555AB7 /* Sources */ = {
			isa = PBXSourcesBuildPhase;
			buildActionMask = 2147483647;
			files = (
				43266CD32BD11E6500555AB7 /* AppDeliveryDemoTests.swift in Sources */,
			);
			runOnlyForDeploymentPostprocessing = 0;
		};
		43266CD42BD11E6500555AB7 /* Sources */ = {
			isa = PBXSourcesBuildPhase;
			buildActionMask = 2147483647;
			files = (
				43266CDD2BD11E6500555AB7 /* AppDeliveryDemoUITests.swift in Sources */,
				43266CDF2BD11E6500555AB7 /* AppDeliveryDemoUITestsLaunchTests.swift in Sources */,
			);
			runOnlyForDeploymentPostprocessing = 0;
		};
/* End PBXSourcesBuildPhase section */

/* Begin PBXTargetDependency section */
		43266CD02BD11E6500555AB7 /* PBXTargetDependency */ = {
			isa = PBXTargetDependency;
			target = 43266CBD2BD11E6200555AB7 /* AppDeliveryDemo */;
			targetProxy = 43266CCF2BD11E6500555AB7 /* PBXContainerItemProxy */;
		};
		43266CDA2BD11E6500555AB7 /* PBXTargetDependency */ = {
			isa = PBXTargetDependency;
			target = 43266CBD2BD11E6200555AB7 /* AppDeliveryDemo */;
			targetProxy = 43266CD92BD11E6500555AB7 /* PBXContainerItemProxy */;
		};
/* End PBXTargetDependency section */

/* Begin XCBuildConfiguration section */
		43266CE02BD11E6500555AB7 /* Debug */ = {
			isa = XCBuildConfiguration;
			buildSettings = {
				ALWAYS_SEARCH_USER_PATHS = NO;
				ASSETCATALOG_COMPILER_GENERATE_SWIFT_ASSET_SYMBOL_EXTENSIONS = YES;
				CLANG_ANALYZER_NONNULL = YES;
				CLANG_ANALYZER_NUMBER_OBJECT_CONVERSION = YES_AGGRESSIVE;
				CLANG_CXX_LANGUAGE_STANDARD = "gnu++20";
				CLANG_ENABLE_MODULES = YES;
				CLANG_ENABLE_OBJC_ARC = YES;
				CLANG_ENABLE_OBJC_WEAK = YES;
				CLANG_WARN_BLOCK_CAPTURE_AUTORELEASING = YES;
				CLANG_WARN_BOOL_CONVERSION = YES;
				CLANG_WARN_COMMA = YES;
				CLANG_WARN_CONSTANT_CONVERSION = YES;
				CLANG_WARN_DEPRECATED_OBJC_IMPLEMENTATIONS = YES;
				CLANG_WARN_DIRECT_OBJC_ISA_USAGE = YES_ERROR;
				CLANG_WARN_DOCUMENTATION_COMMENTS = YES;
				CLANG_WARN_EMPTY_BODY = YES;
				CLANG_WARN_ENUM_CONVERSION = YES;
				CLANG_WARN_INFINITE_RECURSION = YES;
				CLANG_WARN_INT_CONVERSION = YES;
				CLANG_WARN_NON_LITERAL_NULL_CONVERSION = YES;
				CLANG_WARN_OBJC_IMPLICIT_RETAIN_SELF = YES;
				CLANG_WARN_OBJC_LITERAL_CONVERSION = YES;
				CLANG_WARN_OBJC_ROOT_CLASS = YES_ERROR;
				CLANG_WARN_QUOTED_INCLUDE_IN_FRAMEWORK_HEADER = YES;
				CLANG_WARN_RANGE_LOOP_ANALYSIS = YES;
				CLANG_WARN_STRICT_PROTOTYPES = YES;
				CLANG_WARN_SUSPICIOUS_MOVE = YES;
				CLANG_WARN_UNGUARDED_AVAILABILITY = YES_AGGRESSIVE;
				CLANG_WARN_UNREACHABLE_CODE = YES;
				CLANG_WARN__DUPLICATE_METHOD_MATCH = YES;
				COPY_PHASE_STRIP = NO;
				DEBUG_INFORMATION_FORMAT = dwarf;
				ENABLE_STRICT_OBJC_MSGSEND = YES;
				ENABLE_TESTABILITY = YES;
				ENABLE_USER_SCRIPT_SANDBOXING = YES;
				GCC_C_LANGUAGE_STANDARD = gnu17;
				GCC_DYNAMIC_NO_PIC = NO;
				GCC_NO_COMMON_BLOCKS = YES;
				GCC_OPTIMIZATION_LEVEL = 0;
				GCC_PREPROCESSOR_DEFINITIONS = (
					"DEBUG=1",
					"$(inherited)",
				);
				GCC_WARN_64_TO_32_BIT_CONVERSION = YES;
				GCC_WARN_ABOUT_RETURN_TYPE = YES_ERROR;
				GCC_WARN_UNDECLARED_SELECTOR = YES;
				GCC_WARN_UNINITIALIZED_AUTOS = YES_AGGRESSIVE;
				GCC_WARN_UNUSED_FUNCTION = YES;
				GCC_WARN_UNUSED_VARIABLE = YES;
				IPHONEOS_DEPLOYMENT_TARGET = 17.4;
				LOCALIZATION_PREFERS_STRING_CATALOGS = YES;
				MTL_ENABLE_DEBUG_INFO = INCLUDE_SOURCE;
				MTL_FAST_MATH = YES;
				ONLY_ACTIVE_ARCH = YES;
				SDKROOT = iphoneos;
				SWIFT_ACTIVE_COMPILATION_CONDITIONS = "DEBUG $(inherited)";
				SWIFT_OPTIMIZATION_LEVEL = "-Onone";
			};
			name = Debug;
		};
		43266CE12BD11E6500555AB7 /* Release */ = {
			isa = XCBuildConfiguration;
			buildSettings = {
				ALWAYS_SEARCH_USER_PATHS = NO;
				ASSETCATALOG_COMPILER_GENERATE_SWIFT_ASSET_SYMBOL_EXTENSIONS = YES;
				CLANG_ANALYZER_NONNULL = YES;
				CLANG_ANALYZER_NUMBER_OBJECT_CONVERSION = YES_AGGRESSIVE;
				CLANG_CXX_LANGUAGE_STANDARD = "gnu++20";
				CLANG_ENABLE_MODULES = YES;
				CLANG_ENABLE_OBJC_ARC = YES;
				CLANG_ENABLE_OBJC_WEAK = YES;
				CLANG_WARN_BLOCK_CAPTURE_AUTORELEASING = YES;
				CLANG_WARN_BOOL_CONVERSION = YES;
				CLANG_WARN_COMMA = YES;
				CLANG_WARN_CONSTANT_CONVERSION = YES;
				CLANG_WARN_DEPRECATED_OBJC_IMPLEMENTATIONS = YES;
				CLANG_WARN_DIRECT_OBJC_ISA_USAGE = YES_ERROR;
				CLANG_WARN_DOCUMENTATION_COMMENTS = YES;
				CLANG_WARN_EMPTY_BODY = YES;
				CLANG_WARN_ENUM_CONVERSION = YES;
				CLANG_WARN_INFINITE_RECURSION = YES;
				CLANG_WARN_INT_CONVERSION = YES;
				CLANG_WARN_NON_LITERAL_NULL_CONVERSION = YES;
				CLANG_WARN_OBJC_IMPLICIT_RETAIN_SELF = YES;
				CLANG_WARN_OBJC_LITERAL_CONVERSION = YES;
				CLANG_WARN_OBJC_ROOT_CLASS = YES_ERROR;
				CLANG_WARN_QUOTED_INCLUDE_IN_FRAMEWORK_HEADER = YES;
				CLANG_WARN_RANGE_LOOP_ANALYSIS = YES;
				CLANG_WARN_STRICT_PROTOTYPES = YES;
				CLANG_WARN_SUSPICIOUS_MOVE = YES;
				CLANG_WARN_UNGUARDED_AVAILABILITY = YES_AGGRESSIVE;
				CLANG_WARN_UNREACHABLE_CODE = YES;
				CLANG_WARN__DUPLICATE_METHOD_MATCH = YES;
				COPY_PHASE_STRIP = NO;
				DEBUG_INFORMATION_FORMAT = "dwarf-with-dsym";
				ENABLE_NS_ASSERTIONS = NO;
				ENABLE_STRICT_OBJC_MSGSEND = YES;
				ENABLE_USER_SCRIPT_SANDBOXING = YES;
				GCC_C_LANGUAGE_STANDARD = gnu17;
				GCC_NO_COMMON_BLOCKS = YES;
				GCC_WARN_64_TO_32_BIT_CONVERSION = YES;
				GCC_WARN_ABOUT_RETURN_TYPE = YES_ERROR;
				GCC_WARN_UNDECLARED_SELECTOR = YES;
				GCC_WARN_UNINITIALIZED_AUTOS = YES_AGGRESSIVE;
				GCC_WARN_UNUSED_FUNCTION = YES;
				GCC_WARN_UNUSED_VARIABLE = YES;
				IPHONEOS_DEPLOYMENT_TARGET = 17.4;
				LOCALIZATION_PREFERS_STRING_CATALOGS = YES;
				MTL_ENABLE_DEBUG_INFO = NO;
				MTL_FAST_MATH = YES;
				SDKROOT = iphoneos;
				SWIFT_COMPILATION_MODE = wholemodule;
				VALIDATE_PRODUCT = YES;
			};
			name = Release;
		};
		43266CE32BD11E6500555AB7 /* Debug */ = {
			isa = XCBuildConfiguration;
			buildSettings = {
				ASSETCATALOG_COMPILER_APPICON_NAME = AppIcon;
				ASSETCATALOG_COMPILER_GLOBAL_ACCENT_COLOR_NAME = AccentColor;
				CODE_SIGN_STYLE = Automatic;
				CURRENT_PROJECT_VERSION = 1;
				DEVELOPMENT_ASSET_PATHS = "\"AppDeliveryDemo/Preview Content\"";
				DEVELOPMENT_TEAM = T6UMZ6X55W;
				ENABLE_PREVIEWS = YES;
				GENERATE_INFOPLIST_FILE = YES;
				INFOPLIST_KEY_UIApplicationSceneManifest_Generation = YES;
				INFOPLIST_KEY_UIApplicationSupportsIndirectInputEvents = YES;
				INFOPLIST_KEY_UILaunchScreen_Generation = YES;
				INFOPLIST_KEY_UISupportedInterfaceOrientations_iPad = "UIInterfaceOrientationPortrait UIInterfaceOrientationPortraitUpsideDown UIInterfaceOrientationLandscapeLeft UIInterfaceOrientationLandscapeRight";
				INFOPLIST_KEY_UISupportedInterfaceOrientations_iPhone = "UIInterfaceOrientationPortrait UIInterfaceOrientationLandscapeLeft UIInterfaceOrientationLandscapeRight";
				LD_RUNPATH_SEARCH_PATHS = (
					"$(inherited)",
					"@executable_path/Frameworks",
				);
				MARKETING_VERSION = 1.0;
				PRODUCT_BUNDLE_IDENTIFIER = x.AppDeliveryDemo;
				PRODUCT_NAME = "$(TARGET_NAME)";
				SWIFT_EMIT_LOC_STRINGS = YES;
				SWIFT_VERSION = 5.0;
				TARGETED_DEVICE_FAMILY = "1,2";
			};
			name = Debug;
		};
		43266CE42BD11E6500555AB7 /* Release */ = {
			isa = XCBuildConfiguration;
			buildSettings = {
				ASSETCATALOG_COMPILER_APPICON_NAME = AppIcon;
				ASSETCATALOG_COMPILER_GLOBAL_ACCENT_COLOR_NAME = AccentColor;
				CODE_SIGN_STYLE = Automatic;
				CURRENT_PROJECT_VERSION = 1;
				DEVELOPMENT_ASSET_PATHS = "\"AppDeliveryDemo/Preview Content\"";
				DEVELOPMENT_TEAM = T6UMZ6X55W;
				ENABLE_PREVIEWS = YES;
				GENERATE_INFOPLIST_FILE = YES;
				INFOPLIST_KEY_UIApplicationSceneManifest_Generation = YES;
				INFOPLIST_KEY_UIApplicationSupportsIndirectInputEvents = YES;
				INFOPLIST_KEY_UILaunchScreen_Generation = YES;
				INFOPLIST_KEY_UISupportedInterfaceOrientations_iPad = "UIInterfaceOrientationPortrait UIInterfaceOrientationPortraitUpsideDown UIInterfaceOrientationLandscapeLeft UIInterfaceOrientationLandscapeRight";
				INFOPLIST_KEY_UISupportedInterfaceOrientations_iPhone = "UIInterfaceOrientationPortrait UIInterfaceOrientationLandscapeLeft UIInterfaceOrientationLandscapeRight";
				LD_RUNPATH_SEARCH_PATHS = (
					"$(inherited)",
					"@executable_path/Frameworks",
				);
				MARKETING_VERSION = 1.0;
				PRODUCT_BUNDLE_IDENTIFIER = x.AppDeliveryDemo;
				PRODUCT_NAME = "$(TARGET_NAME)";
				SWIFT_EMIT_LOC_STRINGS = YES;
				SWIFT_VERSION = 5.0;
				TARGETED_DEVICE_FAMILY = "1,2";
			};
			name = Release;
		};
		43266CE62BD11E6500555AB7 /* Debug */ = {
			isa = XCBuildConfiguration;
			buildSettings = {
				ALWAYS_EMBED_SWIFT_STANDARD_LIBRARIES = YES;
				BUNDLE_LOADER = "$(TEST_HOST)";
				CODE_SIGN_STYLE = Automatic;
				CURRENT_PROJECT_VERSION = 1;
				DEVELOPMENT_TEAM = T6UMZ6X55W;
				GENERATE_INFOPLIST_FILE = YES;
				IPHONEOS_DEPLOYMENT_TARGET = 17.4;
				MARKETING_VERSION = 1.0;
				PRODUCT_BUNDLE_IDENTIFIER = x.AppDeliveryDemoTests;
				PRODUCT_NAME = "$(TARGET_NAME)";
				SWIFT_EMIT_LOC_STRINGS = NO;
				SWIFT_VERSION = 5.0;
				TARGETED_DEVICE_FAMILY = "1,2";
				TEST_HOST = "$(BUILT_PRODUCTS_DIR)/AppDeliveryDemo.app/$(BUNDLE_EXECUTABLE_FOLDER_PATH)/AppDeliveryDemo";
			};
			name = Debug;
		};
		43266CE72BD11E6500555AB7 /* Release */ = {
			isa = XCBuildConfiguration;
			buildSettings = {
				ALWAYS_EMBED_SWIFT_STANDARD_LIBRARIES = YES;
				BUNDLE_LOADER = "$(TEST_HOST)";
				CODE_SIGN_STYLE = Automatic;
				CURRENT_PROJECT_VERSION = 1;
				DEVELOPMENT_TEAM = T6UMZ6X55W;
				GENERATE_INFOPLIST_FILE = YES;
				IPHONEOS_DEPLOYMENT_TARGET = 17.4;
				MARKETING_VERSION = 1.0;
				PRODUCT_BUNDLE_IDENTIFIER = x.AppDeliveryDemoTests;
				PRODUCT_NAME = "$(TARGET_NAME)";
				SWIFT_EMIT_LOC_STRINGS = NO;
				SWIFT_VERSION = 5.0;
				TARGETED_DEVICE_FAMILY = "1,2";
				TEST_HOST = "$(BUILT_PRODUCTS_DIR)/AppDeliveryDemo.app/$(BUNDLE_EXECUTABLE_FOLDER_PATH)/AppDeliveryDemo";
			};
			name = Release;
		};
		43266CE92BD11E6500555AB7 /* Debug */ = {
			isa = XCBuildConfiguration;
			buildSettings = {
				ALWAYS_EMBED_SWIFT_STANDARD_LIBRARIES = YES;
				CODE_SIGN_STYLE = Automatic;
				CURRENT_PROJECT_VERSION = 1;
				DEVELOPMENT_TEAM = T6UMZ6X55W;
				GENERATE_INFOPLIST_FILE = YES;
				MARKETING_VERSION = 1.0;
				PRODUCT_BUNDLE_IDENTIFIER = x.AppDeliveryDemoUITests;
				PRODUCT_NAME = "$(TARGET_NAME)";
				SWIFT_EMIT_LOC_STRINGS = NO;
				SWIFT_VERSION = 5.0;
				TARGETED_DEVICE_FAMILY = "1,2";
				TEST_TARGET_NAME = AppDeliveryDemo;
			};
			name = Debug;
		};
		43266CEA2BD11E6500555AB7 /* Release */ = {
			isa = XCBuildConfiguration;
			buildSettings = {
				ALWAYS_EMBED_SWIFT_STANDARD_LIBRARIES = YES;
				CODE_SIGN_STYLE = Automatic;
				CURRENT_PROJECT_VERSION = 1;
				DEVELOPMENT_TEAM = T6UMZ6X55W;
				GENERATE_INFOPLIST_FILE = YES;
				MARKETING_VERSION = 1.0;
				PRODUCT_BUNDLE_IDENTIFIER = x.AppDeliveryDemoUITests;
				PRODUCT_NAME = "$(TARGET_NAME)";
				SWIFT_EMIT_LOC_STRINGS = NO;
				SWIFT_VERSION = 5.0;
				TARGETED_DEVICE_FAMILY = "1,2";
				TEST_TARGET_NAME = AppDeliveryDemo;
			};
			name = Release;
		};
/* End XCBuildConfiguration section */

/* Begin XCConfigurationList section */
		43266CB92BD11E6200555AB7 /* Build configuration list for PBXProject "AppDeliveryDemo" */ = {
			isa = XCConfigurationList;
			buildConfigurations = (
				43266CE02BD11E6500555AB7 /* Debug */,
				43266CE12BD11E6500555AB7 /* Release */,
			);
			defaultConfigurationIsVisible = 0;
			defaultConfigurationName = Release;
		};
		43266CE22BD11E6500555AB7 /* Build configuration list for PBXNativeTarget "AppDeliveryDemo" */ = {
			isa = XCConfigurationList;
			buildConfigurations = (
				43266CE32BD11E6500555AB7 /* Debug */,
				43266CE42BD11E6500555AB7 /* Release */,
			);
			defaultConfigurationIsVisible = 0;
			defaultConfigurationName = Release;
		};
		43266CE52BD11E6500555AB7 /* Build configuration list for PBXNativeTarget "AppDeliveryDemoTests" */ = {
			isa = XCConfigurationList;
			buildConfigurations = (
				43266CE62BD11E6500555AB7 /* Debug */,
				43266CE72BD11E6500555AB7 /* Release */,
			);
			defaultConfigurationIsVisible = 0;
			defaultConfigurationName = Release;
		};
		43266CE82BD11E6500555AB7 /* Build configuration list for PBXNativeTarget "AppDeliveryDemoUITests" */ = {
			isa = XCConfigurationList;
			buildConfigurations = (
				43266CE92BD11E6500555AB7 /* Debug */,
				43266CEA2BD11E6500555AB7 /* Release */,
			);
			defaultConfigurationIsVisible = 0;
			defaultConfigurationName = Release;
		};
/* End XCConfigurationList section */
	};
	rootObject = 43266CB62BD11E6200555AB7 /* Project object */;
}
